// !$*UTF8*$!
{
	archiveVersion = 1;
	classes = {
	};
	objectVersion = 50;
	objects = {

/* Begin PBXBuildFile section */
		84692C5A217E8A19008A904A /* TempleCardCell.swift in Sources */ = {isa = PBXBuildFile; fileRef = 84692C59217E8A19008A904A /* TempleCardCell.swift */; };
		84D0B5CA2178397700031D69 /* TempleCardView.swift in Sources */ = {isa = PBXBuildFile; fileRef = 84D0B5C92178397700031D69 /* TempleCardView.swift */; };
		84D0B5CC21783DB200031D69 /* TempleCard.swift in Sources */ = {isa = PBXBuildFile; fileRef = 84D0B5CB21783DB200031D69 /* TempleCard.swift */; };
		84D0B5CE2178426900031D69 /* TempleDeck.swift in Sources */ = {isa = PBXBuildFile; fileRef = 84D0B5CD2178426900031D69 /* TempleDeck.swift */; };
		84D0B5D02178D80C00031D69 /* ViewController.swift in Sources */ = {isa = PBXBuildFile; fileRef = 84D0B5CF2178D80C00031D69 /* ViewController.swift */; };
		84DA62B6216F9F95003703A4 /* AppDelegate.swift in Sources */ = {isa = PBXBuildFile; fileRef = 84DA62B5216F9F95003703A4 /* AppDelegate.swift */; };
		84DA62BB216F9F95003703A4 /* Main.storyboard in Resources */ = {isa = PBXBuildFile; fileRef = 84DA62B9216F9F95003703A4 /* Main.storyboard */; };
		84DA62BD216F9F96003703A4 /* Assets.xcassets in Resources */ = {isa = PBXBuildFile; fileRef = 84DA62BC216F9F96003703A4 /* Assets.xcassets */; };
		84DA62C0216F9F96003703A4 /* LaunchScreen.storyboard in Resources */ = {isa = PBXBuildFile; fileRef = 84DA62BE216F9F96003703A4 /* LaunchScreen.storyboard */; };
/* End PBXBuildFile section */

/* Begin PBXFileReference section */
		84692C59217E8A19008A904A /* TempleCardCell.swift */ = {isa = PBXFileReference; fileEncoding = 4; lastKnownFileType = sourcecode.swift; path = TempleCardCell.swift; sourceTree = "<group>"; };
		84D0B5C92178397700031D69 /* TempleCardView.swift */ = {isa = PBXFileReference; lastKnownFileType = sourcecode.swift; path = TempleCardView.swift; sourceTree = "<group>"; };
		84D0B5CB21783DB200031D69 /* TempleCard.swift */ = {isa = PBXFileReference; lastKnownFileType = sourcecode.swift; path = TempleCard.swift; sourceTree = "<group>"; };
		84D0B5CD2178426900031D69 /* TempleDeck.swift */ = {isa = PBXFileReference; lastKnownFileType = sourcecode.swift; path = TempleDeck.swift; sourceTree = "<group>"; };
		84D0B5CF2178D80C00031D69 /* ViewController.swift */ = {isa = PBXFileReference; lastKnownFileType = sourcecode.swift; path = ViewController.swift; sourceTree = "<group>"; };
		84DA62B2216F9F95003703A4 /* Project2 Clark Branden.app */ = {isa = PBXFileReference; explicitFileType = wrapper.application; includeInIndex = 0; path = "Project2 Clark Branden.app"; sourceTree = BUILT_PRODUCTS_DIR; };
		84DA62B5216F9F95003703A4 /* AppDelegate.swift */ = {isa = PBXFileReference; lastKnownFileType = sourcecode.swift; path = AppDelegate.swift; sourceTree = "<group>"; };
		84DA62BA216F9F95003703A4 /* Base */ = {isa = PBXFileReference; lastKnownFileType = file.storyboard; name = Base; path = Base.lproj/Main.storyboard; sourceTree = "<group>"; };
		84DA62BC216F9F96003703A4 /* Assets.xcassets */ = {isa = PBXFileReference; lastKnownFileType = folder.assetcatalog; path = Assets.xcassets; sourceTree = "<group>"; };
		84DA62BF216F9F96003703A4 /* Base */ = {isa = PBXFileReference; lastKnownFileType = file.storyboard; name = Base; path = Base.lproj/LaunchScreen.storyboard; sourceTree = "<group>"; };
		84DA62C1216F9F96003703A4 /* Info.plist */ = {isa = PBXFileReference; lastKnownFileType = text.plist.xml; path = Info.plist; sourceTree = "<group>"; };
/* End PBXFileReference section */

/* Begin PBXFrameworksBuildPhase section */
		84DA62AF216F9F95003703A4 /* Frameworks */ = {
			isa = PBXFrameworksBuildPhase;
			buildActionMask = 2147483647;
			files = (
			);
			runOnlyForDeploymentPostprocessing = 0;
		};
/* End PBXFrameworksBuildPhase section */

/* Begin PBXGroup section */
		84DA62A9216F9F95003703A4 = {
			isa = PBXGroup;
			children = (
				84DA62B4216F9F95003703A4 /* Project2 Clark Branden */,
				84DA62B3216F9F95003703A4 /* Products */,
			);
			sourceTree = "<group>";
		};
		84DA62B3216F9F95003703A4 /* Products */ = {
			isa = PBXGroup;
			children = (
				84DA62B2216F9F95003703A4 /* Project2 Clark Branden.app */,
			);
			name = Products;
			sourceTree = "<group>";
		};
		84DA62B4216F9F95003703A4 /* Project2 Clark Branden */ = {
			isa = PBXGroup;
			children = (
				84DA62CC216FA016003703A4 /* Model */,
				84DA62CB216FA012003703A4 /* View */,
				84DA62CA216FA004003703A4 /* Controller */,
				84DA62C7216F9FCF003703A4 /* Supporting Files */,
			);
			path = "Project2 Clark Branden";
			sourceTree = "<group>";
		};
		84DA62C7216F9FCF003703A4 /* Supporting Files */ = {
			isa = PBXGroup;
			children = (
				84DA62C1216F9F96003703A4 /* Info.plist */,
				84DA62BE216F9F96003703A4 /* LaunchScreen.storyboard */,
				84DA62B5216F9F95003703A4 /* AppDelegate.swift */,
				84DA62BC216F9F96003703A4 /* Assets.xcassets */,
			);
			name = "Supporting Files";
			sourceTree = "<group>";
		};
		84DA62CA216FA004003703A4 /* Controller */ = {
			isa = PBXGroup;
			children = (
				84D0B5CF2178D80C00031D69 /* ViewController.swift */,
			);
			path = Controller;
			sourceTree = "<group>";
		};
		84DA62CB216FA012003703A4 /* View */ = {
			isa = PBXGroup;
			children = (
				84DA62B9216F9F95003703A4 /* Main.storyboard */,
				84692C59217E8A19008A904A /* TempleCardCell.swift */,
				84D0B5C92178397700031D69 /* TempleCardView.swift */,
			);
			name = View;
			sourceTree = "<group>";
		};
		84DA62CC216FA016003703A4 /* Model */ = {
			isa = PBXGroup;
			children = (
				84D0B5CB21783DB200031D69 /* TempleCard.swift */,
				84D0B5CD2178426900031D69 /* TempleDeck.swift */,
			);
			path = Model;
			sourceTree = "<group>";
		};
/* End PBXGroup section */

/* Begin PBXNativeTarget section */
		84DA62B1216F9F95003703A4 /* Project2 Clark Branden */ = {
			isa = PBXNativeTarget;
			buildConfigurationList = 84DA62C4216F9F96003703A4 /* Build configuration list for PBXNativeTarget "Project2 Clark Branden" */;
			buildPhases = (
				84DA62AE216F9F95003703A4 /* Sources */,
				84DA62AF216F9F95003703A4 /* Frameworks */,
				84DA62B0216F9F95003703A4 /* Resources */,
			);
			buildRules = (
			);
			dependencies = (
			);
			name = "Project2 Clark Branden";
			productName = "Project2 Clark Branden";
			productReference = 84DA62B2216F9F95003703A4 /* Project2 Clark Branden.app */;
			productType = "com.apple.product-type.application";
		};
/* End PBXNativeTarget section */

/* Begin PBXProject section */
		84DA62AA216F9F95003703A4 /* Project object */ = {
			isa = PBXProject;
			attributes = {
				LastSwiftUpdateCheck = 1000;
				LastUpgradeCheck = 1000;
				ORGANIZATIONNAME = "Branden Clark";
				TargetAttributes = {
					84DA62B1216F9F95003703A4 = {
						CreatedOnToolsVersion = 10.0;
					};
				};
			};
			buildConfigurationList = 84DA62AD216F9F95003703A4 /* Build configuration list for PBXProject "Project2 Clark Branden" */;
			compatibilityVersion = "Xcode 9.3";
			developmentRegion = en;
			hasScannedForEncodings = 0;
			knownRegions = (
				en,
				Base,
			);
			mainGroup = 84DA62A9216F9F95003703A4;
			productRefGroup = 84DA62B3216F9F95003703A4 /* Products */;
			projectDirPath = "";
			projectRoot = "";
			targets = (
				84DA62B1216F9F95003703A4 /* Project2 Clark Branden */,
			);
		};
/* End PBXProject section */

/* Begin PBXResourcesBuildPhase section */
		84DA62B0216F9F95003703A4 /* Resources */ = {
			isa = PBXResourcesBuildPhase;
			buildActionMask = 2147483647;
			files = (
				84DA62C0216F9F96003703A4 /* LaunchScreen.storyboard in Resources */,
				84DA62BD216F9F96003703A4 /* Assets.xcassets in Resources */,
				84DA62BB216F9F95003703A4 /* Main.storyboard in Resources */,
			);
			runOnlyForDeploymentPostprocessing = 0;
		};
/* End PBXResourcesBuildPhase section */

/* Begin PBXSourcesBuildPhase section */
		84DA62AE216F9F95003703A4 /* Sources */ = {
			isa = PBXSourcesBuildPhase;
			buildActionMask = 2147483647;
			files = (
				84DA62B6216F9F95003703A4 /* AppDelegate.swift in Sources */,
				84D0B5CE2178426900031D69 /* TempleDeck.swift in Sources */,
				84692C5A217E8A19008A904A /* TempleCardCell.swift in Sources */,
				84D0B5D02178D80C00031D69 /* ViewController.swift in Sources */,
				84D0B5CC21783DB200031D69 /* TempleCard.swift in Sources */,
				84D0B5CA2178397700031D69 /* TempleCardView.swift in Sources */,
			);
			runOnlyForDeploymentPostprocessing = 0;
		};
/* End PBXSourcesBuildPhase section */

/* Begin PBXVariantGroup section */
		84DA62B9216F9F95003703A4 /* Main.storyboard */ = {
			isa = PBXVariantGroup;
			children = (
				84DA62BA216F9F95003703A4 /* Base */,
			);
			name = Main.storyboard;
			sourceTree = "<group>";
		};
		84DA62BE216F9F96003703A4 /* LaunchScreen.storyboard */ = {
			isa = PBXVariantGroup;
			children = (
				84DA62BF216F9F96003703A4 /* Base */,
			);
			name = LaunchScreen.storyboard;
			sourceTree = "<group>";
		};
/* End PBXVariantGroup section */

/* Begin XCBuildConfiguration section */
		84DA62C2216F9F96003703A4 /* Debug */ = {
			isa = XCBuildConfiguration;
			buildSettings = {
				ALWAYS_SEARCH_USER_PATHS = NO;
				CLANG_ANALYZER_NONNULL = YES;
				CLANG_ANALYZER_NUMBER_OBJECT_CONVERSION = YES_AGGRESSIVE;
				CLANG_CXX_LANGUAGE_STANDARD = "gnu++14";
				CLANG_CXX_LIBRARY = "libc++";
				CLANG_ENABLE_MODULES = YES;
				CLANG_ENABLE_OBJC_ARC = YES;
				CLANG_ENABLE_OBJC_WEAK = YES;
				CLANG_WARN_BLOCK_CAPTURE_AUTORELEASING = YES;
				CLANG_WARN_BOOL_CONVERSION = YES;
				CLANG_WARN_COMMA = YES;
				CLANG_WARN_CONSTANT_CONVERSION = YES;
				CLANG_WARN_DEPRECATED_OBJC_IMPLEMENTATIONS = YES;
				CLANG_WARN_DIRECT_OBJC_ISA_USAGE = YES_ERROR;
				CLANG_WARN_DOCUMENTATION_COMMENTS = YES;
				CLANG_WARN_EMPTY_BODY = YES;
				CLANG_WARN_ENUM_CONVERSION = YES;
				CLANG_WARN_INFINITE_RECURSION = YES;
				CLANG_WARN_INT_CONVERSION = YES;
				CLANG_WARN_NON_LITERAL_NULL_CONVERSION = YES;
				CLANG_WARN_OBJC_IMPLICIT_RETAIN_SELF = YES;
				CLANG_WARN_OBJC_LITERAL_CONVERSION = YES;
				CLANG_WARN_OBJC_ROOT_CLASS = YES_ERROR;
				CLANG_WARN_RANGE_LOOP_ANALYSIS = YES;
				CLANG_WARN_STRICT_PROTOTYPES = YES;
				CLANG_WARN_SUSPICIOUS_MOVE = YES;
				CLANG_WARN_UNGUARDED_AVAILABILITY = YES_AGGRESSIVE;
				CLANG_WARN_UNREACHABLE_CODE = YES;
				CLANG_WARN__DUPLICATE_METHOD_MATCH = YES;
				CODE_SIGN_IDENTITY = "iPhone Developer";
				COPY_PHASE_STRIP = NO;
				DEBUG_INFORMATION_FORMAT = dwarf;
				ENABLE_STRICT_OBJC_MSGSEND = YES;
				ENABLE_TESTABILITY = YES;
				GCC_C_LANGUAGE_STANDARD = gnu11;
				GCC_DYNAMIC_NO_PIC = NO;
				GCC_NO_COMMON_BLOCKS = YES;
				GCC_OPTIMIZATION_LEVEL = 0;
				GCC_PREPROCESSOR_DEFINITIONS = (
					"DEBUG=1",
					"$(inherited)",
				);
				GCC_WARN_64_TO_32_BIT_CONVERSION = YES;
				GCC_WARN_ABOUT_RETURN_TYPE = YES_ERROR;
				GCC_WARN_UNDECLARED_SELECTOR = YES;
				GCC_WARN_UNINITIALIZED_AUTOS = YES_AGGRESSIVE;
				GCC_WARN_UNUSED_FUNCTION = YES;
				GCC_WARN_UNUSED_VARIABLE = YES;
				IPHONEOS_DEPLOYMENT_TARGET = 12.0;
				MTL_ENABLE_DEBUG_INFO = INCLUDE_SOURCE;
				MTL_FAST_MATH = YES;
				ONLY_ACTIVE_ARCH = YES;
				SDKROOT = iphoneos;
				SWIFT_ACTIVE_COMPILATION_CONDITIONS = DEBUG;
				SWIFT_OPTIMIZATION_LEVEL = "-Onone";
			};
			name = Debug;
		};
		84DA62C3216F9F96003703A4 /* Release */ = {
			isa = XCBuildConfiguration;
			buildSettings = {
				ALWAYS_SEARCH_USER_PATHS = NO;
				CLANG_ANALYZER_NONNULL = YES;
				CLANG_ANALYZER_NUMBER_OBJECT_CONVERSION = YES_AGGRESSIVE;
				CLANG_CXX_LANGUAGE_STANDARD = "gnu++14";
				CLANG_CXX_LIBRARY = "libc++";
				CLANG_ENABLE_MODULES = YES;
				CLANG_ENABLE_OBJC_ARC = YES;
				CLANG_ENABLE_OBJC_WEAK = YES;
				CLANG_WARN_BLOCK_CAPTURE_AUTORELEASING = YES;
				CLANG_WARN_BOOL_CONVERSION = YES;
				CLANG_WARN_COMMA = YES;
				CLANG_WARN_CONSTANT_CONVERSION = YES;
				CLANG_WARN_DEPRECATED_OBJC_IMPLEMENTATIONS = YES;
				CLANG_WARN_DIRECT_OBJC_ISA_USAGE = YES_ERROR;
				CLANG_WARN_DOCUMENTATION_COMMENTS = YES;
				CLANG_WARN_EMPTY_BODY = YES;
				CLANG_WARN_ENUM_CONVERSION = YES;
				CLANG_WARN_INFINITE_RECURSION = YES;
				CLANG_WARN_INT_CONVERSION = YES;
				CLANG_WARN_NON_LITERAL_NULL_CONVERSION = YES;
				CLANG_WARN_OBJC_IMPLICIT_RETAIN_SELF = YES;
				CLANG_WARN_OBJC_LITERAL_CONVERSION = YES;
				CLANG_WARN_OBJC_ROOT_CLASS = YES_ERROR;
				CLANG_WARN_RANGE_LOOP_ANALYSIS = YES;
				CLANG_WARN_STRICT_PROTOTYPES = YES;
				CLANG_WARN_SUSPICIOUS_MOVE = YES;
				CLANG_WARN_UNGUARDED_AVAILABILITY = YES_AGGRESSIVE;
				CLANG_WARN_UNREACHABLE_CODE = YES;
				CLANG_WARN__DUPLICATE_METHOD_MATCH = YES;
				CODE_SIGN_IDENTITY = "iPhone Developer";
				COPY_PHASE_STRIP = NO;
				DEBUG_INFORMATION_FORMAT = "dwarf-with-dsym";
				ENABLE_NS_ASSERTIONS = NO;
				ENABLE_STRICT_OBJC_MSGSEND = YES;
				GCC_C_LANGUAGE_STANDARD = gnu11;
				GCC_NO_COMMON_BLOCKS = YES;
				GCC_WARN_64_TO_32_BIT_CONVERSION = YES;
				GCC_WARN_ABOUT_RETURN_TYPE = YES_ERROR;
				GCC_WARN_UNDECLARED_SELECTOR = YES;
				GCC_WARN_UNINITIALIZED_AUTOS = YES_AGGRESSIVE;
				GCC_WARN_UNUSED_FUNCTION = YES;
				GCC_WARN_UNUSED_VARIABLE = YES;
				IPHONEOS_DEPLOYMENT_TARGET = 12.0;
				MTL_ENABLE_DEBUG_INFO = NO;
				MTL_FAST_MATH = YES;
				SDKROOT = iphoneos;
				SWIFT_COMPILATION_MODE = wholemodule;
				SWIFT_OPTIMIZATION_LEVEL = "-O";
				VALIDATE_PRODUCT = YES;
			};
			name = Release;
		};
		84DA62C5216F9F96003703A4 /* Debug */ = {
			isa = XCBuildConfiguration;
			buildSettings = {
				ASSETCATALOG_COMPILER_APPICON_NAME = AppIcon;
				CODE_SIGN_STYLE = Automatic;
				DEVELOPMENT_TEAM = TZTJ99S38C;
				INFOPLIST_FILE = "Project2 Clark Branden/Info.plist";
				LD_RUNPATH_SEARCH_PATHS = (
					"$(inherited)",
					"@executable_path/Frameworks",
				);
				PRODUCT_BUNDLE_IDENTIFIER = "com.bmoney.Project2-Clark-Branden";
				PRODUCT_NAME = "$(TARGET_NAME)";
				SWIFT_VERSION = 4.2;
				TARGETED_DEVICE_FAMILY = "1,2";
			};
			name = Debug;
		};
		84DA62C6216F9F96003703A4 /* Release */ = {
			isa = XCBuildConfiguration;
			buildSettings = {
				ASSETCATALOG_COMPILER_APPICON_NAME = AppIcon;
				CODE_SIGN_STYLE = Automatic;
				DEVELOPMENT_TEAM = TZTJ99S38C;
				INFOPLIST_FILE = "Project2 Clark Branden/Info.plist";
				LD_RUNPATH_SEARCH_PATHS = (
					"$(inherited)",
					"@executable_path/Frameworks",
				);
				PRODUCT_BUNDLE_IDENTIFIER = "com.bmoney.Project2-Clark-Branden";
				PRODUCT_NAME = "$(TARGET_NAME)";
				SWIFT_VERSION = 4.2;
				TARGETED_DEVICE_FAMILY = "1,2";
			};
			name = Release;
		};
/* End XCBuildConfiguration section */

/* Begin XCConfigurationList section */
		84DA62AD216F9F95003703A4 /* Build configuration list for PBXProject "Project2 Clark Branden" */ = {
			isa = XCConfigurationList;
			buildConfigurations = (
				84DA62C2216F9F96003703A4 /* Debug */,
				84DA62C3216F9F96003703A4 /* Release */,
			);
			defaultConfigurationIsVisible = 0;
			defaultConfigurationName = Release;
		};
		84DA62C4216F9F96003703A4 /* Build configuration list for PBXNativeTarget "Project2 Clark Branden" */ = {
			isa = XCConfigurationList;
			buildConfigurations = (
				84DA62C5216F9F96003703A4 /* Debug */,
				84DA62C6216F9F96003703A4 /* Release */,
			);
			defaultConfigurationIsVisible = 0;
			defaultConfigurationName = Release;
		};
/* End XCConfigurationList section */
	};
	rootObject = 84DA62AA216F9F95003703A4 /* Project object */;
}
